
Microsoft Visual Studio Solution File, Format Version 12.00
# Visual Studio 2013
VisualStudioVersion = 12.0.31101.0
MinimumVisualStudioVersion = 10.0.40219.1
Project("{8BC9CEB8-8B4A-11D0-8D11-00A0C91BC942}") = "scap_v3", "scap_v3\scap_v3.vcxproj", "{B1B09E1A-9D50-4CC8-ADFC-53FA1733E6AB}"
EndProject
Project("{8BC9CEB8-8B4A-11D0-8D11-00A0C91BC942}") = "vmp_core", "vmp_core\vmp_core.vcxproj", "{D06AB57E-7432-4308-BB44-9F4BBB07F6CA}"
EndProject
Global
	GlobalSection(SolutionConfigurationPlatforms) = preSolution
		Debug|Win32 = Debug|Win32
		Release|Win32 = Release|Win32
	EndGlobalSection
	GlobalSection(ProjectConfigurationPlatforms) = postSolution
		{B1B09E1A-9D50-4CC8-ADFC-53FA1733E6AB}.Debug|Win32.ActiveCfg = Debug|Win32
		{B1B09E1A-9D50-4CC8-ADFC-53FA1733E6AB}.Debug|Win32.Build.0 = Debug|Win32
		{B1B09E1A-9D50-4CC8-ADFC-53FA1733E6AB}.Release|Win32.ActiveCfg = Release|Win32
		{B1B09E1A-9D50-4CC8-ADFC-53FA1733E6AB}.Release|Win32.Build.0 = Release|Win32
		{D06AB57E-7432-4308-BB44-9F4BBB07F6CA}.Debug|Win32.ActiveCfg = Debug|Win32
		{D06AB57E-7432-4308-BB44-9F4BBB07F6CA}.Debug|Win32.Build.0 = Debug|Win32
		{D06AB57E-7432-4308-BB44-9F4BBB07F6CA}.Release|Win32.ActiveCfg = Release|Win32
		{D06AB57E-7432-4308-BB44-9F4BBB07F6CA}.Release|Win32.Build.0 = Release|Win32
	EndGlobalSection
	GlobalSection(SolutionProperties) = preSolution
		HideSolutionNode = FALSE
	EndGlobalSection
EndGlobal
